
Microsoft Visual Studio Solution File, Format Version 11.00
# Visual Studio 2010
Project("{FAE04EC0-301F-11D3-BF4B-00C04F79EFBC}") = "King of Battle 3", "Assembly-CSharp.csproj", "{5E81EAD1-E0EE-610E-8460-5C26844BC7A1}"
EndProject
Project("{FAE04EC0-301F-11D3-BF4B-00C04F79EFBC}") = "King of Battle 3", "Assembly-CSharp-Editor.csproj", "{17153EA3-9F9E-072A-C282-51BB9F5E6E22}"
EndProject
Global
	GlobalSection(SolutionConfigurationPlatforms) = preSolution
		Debug|Any CPU = Debug|Any CPU
		Release|Any CPU = Release|Any CPU
	EndGlobalSection
	GlobalSection(ProjectConfigurationPlatforms) = postSolution
		{5E81EAD1-E0EE-610E-8460-5C26844BC7A1}.Debug|Any CPU.ActiveCfg = Debug|Any CPU
		{5E81EAD1-E0EE-610E-8460-5C26844BC7A1}.Debug|Any CPU.Build.0 = Debug|Any CPU
		{5E81EAD1-E0EE-610E-8460-5C26844BC7A1}.Release|Any CPU.ActiveCfg = Release|Any CPU
		{5E81EAD1-E0EE-610E-8460-5C26844BC7A1}.Release|Any CPU.Build.0 = Release|Any CPU
		{17153EA3-9F9E-072A-C282-51BB9F5E6E22}.Debug|Any CPU.ActiveCfg = Debug|Any CPU
		{17153EA3-9F9E-072A-C282-51BB9F5E6E22}.Debug|Any CPU.Build.0 = Debug|Any CPU
		{17153EA3-9F9E-072A-C282-51BB9F5E6E22}.Release|Any CPU.ActiveCfg = Release|Any CPU
		{17153EA3-9F9E-072A-C282-51BB9F5E6E22}.Release|Any CPU.Build.0 = Release|Any CPU
	EndGlobalSection
	GlobalSection(SolutionProperties) = preSolution
		HideSolutionNode = FALSE
	EndGlobalSection
	GlobalSection(MonoDevelopProperties) = preSolution
		StartupItem = Assembly-CSharp.csproj
	EndGlobalSection
EndGlobal
